PODS:
  - Flutter (1.0.0)
  - flutter_mmkv (1.2.0):
    - Flutter
    - MMKV
  - MMKV (1.0.15)

DEPENDENCIES:
  - Flutter (from `.symlinks/flutter/ios`)
  - flutter_mmkv (from `.symlinks/plugins/flutter_mmkv/ios`)

SPEC REPOS:
  https://github.com/cocoapods/specs.git:
    - MMKV

EXTERNAL SOURCES:
  Flutter:
    :path: ".symlinks/flutter/ios"
  flutter_mmkv:
    :path: ".symlinks/plugins/flutter_mmkv/ios"

SPEC CHECKSUMS:
  Flutter: 58dd7d1b27887414a370fcccb9e645c08ffd7a6a
  flutter_mmkv: 32330b6222394cb0429c540f69c4ac5e8be1f19d
  MMKV: 483b0633edc3be228cb3ce1f36e9ab9cd85ed6db

PODFILE CHECKSUM: f9c217048a279dc8fe7b6b1b129b2bcd9209e04f

COCOAPODS: 1.7.1
