PODS:
  - Flutter (1.0.0)
  - flutter_mmkv (1.1.3):
    - Flutter
    - MMKV
  - MMKV (1.0.15)

DEPENDENCIES:
  - Flutter (from `.symlinks/flutter/ios`)
  - flutter_mmkv (from `.symlinks/plugins/flutter_mmkv/ios`)

SPEC REPOS:
  https://github.com/cocoapods/specs.git:
    - MMKV

EXTERNAL SOURCES:
  Flutter:
    :path: ".symlinks/flutter/ios"
  flutter_mmkv:
    :path: ".symlinks/plugins/flutter_mmkv/ios"

SPEC CHECKSUMS:
  Flutter: 9d0fac939486c9aba2809b7982dfdbb47a7b0296
  flutter_mmkv: aaf6b24ed16ca6ddf82a14a3392fdbddf7df69ca
  MMKV: 483b0633edc3be228cb3ce1f36e9ab9cd85ed6db

PODFILE CHECKSUM: f9c217048a279dc8fe7b6b1b129b2bcd9209e04f

COCOAPODS: 1.5.3
